
Microsoft Visual Studio Solution File, Format Version 12.00
# Visual Studio 2012
Project("{FAE04EC0-301F-11D3-BF4B-00C04F79EFBC}") = "PDFtoTIFF", "PDFtoTIFF\PDFtoTIFF.csproj", "{68AA62F3-93AA-47D0-BC41-BA3B79AF6ADA}"
EndProject
Global
	GlobalSection(SolutionConfigurationPlatforms) = preSolution
		Debug|Any CPU = Debug|Any CPU
		Release|Any CPU = Release|Any CPU
	EndGlobalSection
	GlobalSection(ProjectConfigurationPlatforms) = postSolution
		{68AA62F3-93AA-47D0-BC41-BA3B79AF6ADA}.Debug|Any CPU.ActiveCfg = Debug|Any CPU
		{68AA62F3-93AA-47D0-BC41-BA3B79AF6ADA}.Debug|Any CPU.Build.0 = Debug|Any CPU
		{68AA62F3-93AA-47D0-BC41-BA3B79AF6ADA}.Release|Any CPU.ActiveCfg = Release|Any CPU
		{68AA62F3-93AA-47D0-BC41-BA3B79AF6ADA}.Release|Any CPU.Build.0 = Release|Any CPU
	EndGlobalSection
	GlobalSection(SolutionProperties) = preSolution
		HideSolutionNode = FALSE
	EndGlobalSection
EndGlobal
